
Microsoft Visual Studio Solution File, Format Version 12.00
# Visual Studio Version 17
VisualStudioVersion = 17.9.34616.47
MinimumVisualStudioVersion = 10.0.40219.1
Project("{FAE04EC0-301F-11D3-BF4B-00C04F79EFBC}") = "L01_2021_YD_650", "L01_2021_YD_650\L01_2021_YD_650.csproj", "{DA085747-C072-4911-9B32-24D369453B87}"
EndProject
Global
	GlobalSection(SolutionConfigurationPlatforms) = preSolution
		Debug|Any CPU = Debug|Any CPU
		Release|Any CPU = Release|Any CPU
	EndGlobalSection
	GlobalSection(ProjectConfigurationPlatforms) = postSolution
		{DA085747-C072-4911-9B32-24D369453B87}.Debug|Any CPU.ActiveCfg = Debug|Any CPU
		{DA085747-C072-4911-9B32-24D369453B87}.Debug|Any CPU.Build.0 = Debug|Any CPU
		{DA085747-C072-4911-9B32-24D369453B87}.Release|Any CPU.ActiveCfg = Release|Any CPU
		{DA085747-C072-4911-9B32-24D369453B87}.Release|Any CPU.Build.0 = Release|Any CPU
	EndGlobalSection
	GlobalSection(SolutionProperties) = preSolution
		HideSolutionNode = FALSE
	EndGlobalSection
	GlobalSection(ExtensibilityGlobals) = postSolution
		SolutionGuid = {7F8F9FDA-9F88-4BF3-B0AA-A98B9145FE11}
	EndGlobalSection
EndGlobal
